
Microsoft Visual Studio Solution File, Format Version 12.00
# Visual Studio Version 16
VisualStudioVersion = 16.0.31424.327
MinimumVisualStudioVersion = 10.0.40219.1
Project("{FAE04EC0-301F-11D3-BF4B-00C04F79EFBC}") = "LocalBrands", "LocalBrands\LocalBrands.csproj", "{A1B41FE3-7D49-430E-9637-AE20DFA6A521}"
EndProject
Global
	GlobalSection(SolutionConfigurationPlatforms) = preSolution
		Debug|Any CPU = Debug|Any CPU
		Release|Any CPU = Release|Any CPU
	EndGlobalSection
	GlobalSection(ProjectConfigurationPlatforms) = postSolution
		{A1B41FE3-7D49-430E-9637-AE20DFA6A521}.Debug|Any CPU.ActiveCfg = Debug|Any CPU
		{A1B41FE3-7D49-430E-9637-AE20DFA6A521}.Debug|Any CPU.Build.0 = Debug|Any CPU
		{A1B41FE3-7D49-430E-9637-AE20DFA6A521}.Release|Any CPU.ActiveCfg = Release|Any CPU
		{A1B41FE3-7D49-430E-9637-AE20DFA6A521}.Release|Any CPU.Build.0 = Release|Any CPU
	EndGlobalSection
	GlobalSection(SolutionProperties) = preSolution
		HideSolutionNode = FALSE
	EndGlobalSection
	GlobalSection(ExtensibilityGlobals) = postSolution
		SolutionGuid = {F770E650-E120-40D6-AC67-920DE472E690}
	EndGlobalSection
EndGlobal
